// !$*UTF8*$!
{
	archiveVersion = 1;
	classes = {
	};
	objectVersion = 46;
	objects = {

/* Begin PBXBuildFile section */
		F42AAF8F1D3DF89E0016A27C /* AppDelegate.swift in Sources */ = {isa = PBXBuildFile; fileRef = F42AAF8E1D3DF89E0016A27C /* AppDelegate.swift */; };
		F42AAF911D3DF89E0016A27C /* ViewController.swift in Sources */ = {isa = PBXBuildFile; fileRef = F42AAF901D3DF89E0016A27C /* ViewController.swift */; };
		F42AAF941D3DF89E0016A27C /* Main.storyboard in Resources */ = {isa = PBXBuildFile; fileRef = F42AAF921D3DF89E0016A27C /* Main.storyboard */; };
		F42AAF961D3DF89E0016A27C /* Assets.xcassets in Resources */ = {isa = PBXBuildFile; fileRef = F42AAF951D3DF89E0016A27C /* Assets.xcassets */; };
		F42AAF991D3DF89E0016A27C /* LaunchScreen.storyboard in Resources */ = {isa = PBXBuildFile; fileRef = F42AAF971D3DF89E0016A27C /* LaunchScreen.storyboard */; };
		F42AAFA31D3DFAB40016A27C /* kwgraduation.jpg in Resources */ = {isa = PBXBuildFile; fileRef = F42AAFA21D3DFAB40016A27C /* kwgraduation.jpg */; };
		F42AAFA51D3E009A0016A27C /* vol.png in Resources */ = {isa = PBXBuildFile; fileRef = F42AAFA41D3E009A0016A27C /* vol.png */; };
		F42AAFA91D3E01970016A27C /* ff.jpeg in Resources */ = {isa = PBXBuildFile; fileRef = F42AAFA81D3E01970016A27C /* ff.jpeg */; };
		F42AAFAB1D3E019E0016A27C /* rewind.jpeg in Resources */ = {isa = PBXBuildFile; fileRef = F42AAFAA1D3E019E0016A27C /* rewind.jpeg */; };
		F42AAFAD1D3E0A2E0016A27C /* good-life.mp3 in Resources */ = {isa = PBXBuildFile; fileRef = F42AAFAC1D3E0A2E0016A27C /* good-life.mp3 */; };
/* End PBXBuildFile section */

/* Begin PBXFileReference section */
		F42AAF8B1D3DF89E0016A27C /* Player Player.app */ = {isa = PBXFileReference; explicitFileType = wrapper.application; includeInIndex = 0; path = "Player Player.app"; sourceTree = BUILT_PRODUCTS_DIR; };
		F42AAF8E1D3DF89E0016A27C /* AppDelegate.swift */ = {isa = PBXFileReference; lastKnownFileType = sourcecode.swift; path = AppDelegate.swift; sourceTree = "<group>"; };
		F42AAF901D3DF89E0016A27C /* ViewController.swift */ = {isa = PBXFileReference; lastKnownFileType = sourcecode.swift; path = ViewController.swift; sourceTree = "<group>"; };
		F42AAF931D3DF89E0016A27C /* Base */ = {isa = PBXFileReference; lastKnownFileType = file.storyboard; name = Base; path = Base.lproj/Main.storyboard; sourceTree = "<group>"; };
		F42AAF951D3DF89E0016A27C /* Assets.xcassets */ = {isa = PBXFileReference; lastKnownFileType = folder.assetcatalog; path = Assets.xcassets; sourceTree = "<group>"; };
		F42AAF981D3DF89E0016A27C /* Base */ = {isa = PBXFileReference; lastKnownFileType = file.storyboard; name = Base; path = Base.lproj/LaunchScreen.storyboard; sourceTree = "<group>"; };
		F42AAF9A1D3DF89E0016A27C /* Info.plist */ = {isa = PBXFileReference; lastKnownFileType = text.plist.xml; path = Info.plist; sourceTree = "<group>"; };
		F42AAFA21D3DFAB40016A27C /* kwgraduation.jpg */ = {isa = PBXFileReference; lastKnownFileType = image.jpeg; path = kwgraduation.jpg; sourceTree = "<group>"; };
		F42AAFA41D3E009A0016A27C /* vol.png */ = {isa = PBXFileReference; lastKnownFileType = image.png; path = vol.png; sourceTree = "<group>"; };
		F42AAFA81D3E01970016A27C /* ff.jpeg */ = {isa = PBXFileReference; lastKnownFileType = image.jpeg; path = ff.jpeg; sourceTree = "<group>"; };
		F42AAFAA1D3E019E0016A27C /* rewind.jpeg */ = {isa = PBXFileReference; lastKnownFileType = image.jpeg; path = rewind.jpeg; sourceTree = "<group>"; };
		F42AAFAC1D3E0A2E0016A27C /* good-life.mp3 */ = {isa = PBXFileReference; lastKnownFileType = audio.mp3; path = "good-life.mp3"; sourceTree = "<group>"; };
/* End PBXFileReference section */

/* Begin PBXFrameworksBuildPhase section */
		F42AAF881D3DF89E0016A27C /* Frameworks */ = {
			isa = PBXFrameworksBuildPhase;
			buildActionMask = 2147483647;
			files = (
			);
			runOnlyForDeploymentPostprocessing = 0;
		};
/* End PBXFrameworksBuildPhase section */

/* Begin PBXGroup section */
		F42AAF821D3DF89E0016A27C = {
			isa = PBXGroup;
			children = (
				F42AAF8D1D3DF89E0016A27C /* Player Player */,
				F42AAF8C1D3DF89E0016A27C /* Products */,
			);
			sourceTree = "<group>";
		};
		F42AAF8C1D3DF89E0016A27C /* Products */ = {
			isa = PBXGroup;
			children = (
				F42AAF8B1D3DF89E0016A27C /* Player Player.app */,
			);
			name = Products;
			sourceTree = "<group>";
		};
		F42AAF8D1D3DF89E0016A27C /* Player Player */ = {
			isa = PBXGroup;
			children = (
				F42AAF8E1D3DF89E0016A27C /* AppDelegate.swift */,
				F42AAF901D3DF89E0016A27C /* ViewController.swift */,
				F42AAFAC1D3E0A2E0016A27C /* good-life.mp3 */,
				F42AAF921D3DF89E0016A27C /* Main.storyboard */,
				F42AAFA81D3E01970016A27C /* ff.jpeg */,
				F42AAFAA1D3E019E0016A27C /* rewind.jpeg */,
				F42AAFA41D3E009A0016A27C /* vol.png */,
				F42AAFA21D3DFAB40016A27C /* kwgraduation.jpg */,
				F42AAF951D3DF89E0016A27C /* Assets.xcassets */,
				F42AAF971D3DF89E0016A27C /* LaunchScreen.storyboard */,
				F42AAF9A1D3DF89E0016A27C /* Info.plist */,
			);
			path = "Player Player";
			sourceTree = "<group>";
		};
/* End PBXGroup section */

/* Begin PBXNativeTarget section */
		F42AAF8A1D3DF89E0016A27C /* Player Player */ = {
			isa = PBXNativeTarget;
			buildConfigurationList = F42AAF9D1D3DF89E0016A27C /* Build configuration list for PBXNativeTarget "Player Player" */;
			buildPhases = (
				F42AAF871D3DF89E0016A27C /* Sources */,
				F42AAF881D3DF89E0016A27C /* Frameworks */,
				F42AAF891D3DF89E0016A27C /* Resources */,
			);
			buildRules = (
			);
			dependencies = (
			);
			name = "Player Player";
			productName = "Player Player";
			productReference = F42AAF8B1D3DF89E0016A27C /* Player Player.app */;
			productType = "com.apple.product-type.application";
		};
/* End PBXNativeTarget section */

/* Begin PBXProject section */
		F42AAF831D3DF89E0016A27C /* Project object */ = {
			isa = PBXProject;
			attributes = {
				LastSwiftUpdateCheck = 0730;
				LastUpgradeCheck = 0730;
				ORGANIZATIONNAME = me;
				TargetAttributes = {
					F42AAF8A1D3DF89E0016A27C = {
						CreatedOnToolsVersion = 7.3.1;
					};
				};
			};
			buildConfigurationList = F42AAF861D3DF89E0016A27C /* Build configuration list for PBXProject "Player Player" */;
			compatibilityVersion = "Xcode 3.2";
			developmentRegion = English;
			hasScannedForEncodings = 0;
			knownRegions = (
				en,
				Base,
			);
			mainGroup = F42AAF821D3DF89E0016A27C;
			productRefGroup = F42AAF8C1D3DF89E0016A27C /* Products */;
			projectDirPath = "";
			projectRoot = "";
			targets = (
				F42AAF8A1D3DF89E0016A27C /* Player Player */,
			);
		};
/* End PBXProject section */

/* Begin PBXResourcesBuildPhase section */
		F42AAF891D3DF89E0016A27C /* Resources */ = {
			isa = PBXResourcesBuildPhase;
			buildActionMask = 2147483647;
			files = (
				F42AAFAB1D3E019E0016A27C /* rewind.jpeg in Resources */,
				F42AAF991D3DF89E0016A27C /* LaunchScreen.storyboard in Resources */,
				F42AAF961D3DF89E0016A27C /* Assets.xcassets in Resources */,
				F42AAFAD1D3E0A2E0016A27C /* good-life.mp3 in Resources */,
				F42AAFA31D3DFAB40016A27C /* kwgraduation.jpg in Resources */,
				F42AAFA91D3E01970016A27C /* ff.jpeg in Resources */,
				F42AAFA51D3E009A0016A27C /* vol.png in Resources */,
				F42AAF941D3DF89E0016A27C /* Main.storyboard in Resources */,
			);
			runOnlyForDeploymentPostprocessing = 0;
		};
/* End PBXResourcesBuildPhase section */

/* Begin PBXSourcesBuildPhase section */
		F42AAF871D3DF89E0016A27C /* Sources */ = {
			isa = PBXSourcesBuildPhase;
			buildActionMask = 2147483647;
			files = (
				F42AAF911D3DF89E0016A27C /* ViewController.swift in Sources */,
				F42AAF8F1D3DF89E0016A27C /* AppDelegate.swift in Sources */,
			);
			runOnlyForDeploymentPostprocessing = 0;
		};
/* End PBXSourcesBuildPhase section */

/* Begin PBXVariantGroup section */
		F42AAF921D3DF89E0016A27C /* Main.storyboard */ = {
			isa = PBXVariantGroup;
			children = (
				F42AAF931D3DF89E0016A27C /* Base */,
			);
			name = Main.storyboard;
			sourceTree = "<group>";
		};
		F42AAF971D3DF89E0016A27C /* LaunchScreen.storyboard */ = {
			isa = PBXVariantGroup;
			children = (
				F42AAF981D3DF89E0016A27C /* Base */,
			);
			name = LaunchScreen.storyboard;
			sourceTree = "<group>";
		};
/* End PBXVariantGroup section */

/* Begin XCBuildConfiguration section */
		F42AAF9B1D3DF89E0016A27C /* Debug */ = {
			isa = XCBuildConfiguration;
			buildSettings = {
				ALWAYS_SEARCH_USER_PATHS = NO;
				CLANG_ANALYZER_NONNULL = YES;
				CLANG_CXX_LANGUAGE_STANDARD = "gnu++0x";
				CLANG_CXX_LIBRARY = "libc++";
				CLANG_ENABLE_MODULES = YES;
				CLANG_ENABLE_OBJC_ARC = YES;
				CLANG_WARN_BOOL_CONVERSION = YES;
				CLANG_WARN_CONSTANT_CONVERSION = YES;
				CLANG_WARN_DIRECT_OBJC_ISA_USAGE = YES_ERROR;
				CLANG_WARN_EMPTY_BODY = YES;
				CLANG_WARN_ENUM_CONVERSION = YES;
				CLANG_WARN_INT_CONVERSION = YES;
				CLANG_WARN_OBJC_ROOT_CLASS = YES_ERROR;
				CLANG_WARN_UNREACHABLE_CODE = YES;
				CLANG_WARN__DUPLICATE_METHOD_MATCH = YES;
				"CODE_SIGN_IDENTITY[sdk=iphoneos*]" = "iPhone Developer";
				COPY_PHASE_STRIP = NO;
				DEBUG_INFORMATION_FORMAT = dwarf;
				ENABLE_STRICT_OBJC_MSGSEND = YES;
				ENABLE_TESTABILITY = YES;
				GCC_C_LANGUAGE_STANDARD = gnu99;
				GCC_DYNAMIC_NO_PIC = NO;
				GCC_NO_COMMON_BLOCKS = YES;
				GCC_OPTIMIZATION_LEVEL = 0;
				GCC_PREPROCESSOR_DEFINITIONS = (
					"DEBUG=1",
					"$(inherited)",
				);
				GCC_WARN_64_TO_32_BIT_CONVERSION = YES;
				GCC_WARN_ABOUT_RETURN_TYPE = YES_ERROR;
				GCC_WARN_UNDECLARED_SELECTOR = YES;
				GCC_WARN_UNINITIALIZED_AUTOS = YES_AGGRESSIVE;
				GCC_WARN_UNUSED_FUNCTION = YES;
				GCC_WARN_UNUSED_VARIABLE = YES;
				IPHONEOS_DEPLOYMENT_TARGET = 9.3;
				MTL_ENABLE_DEBUG_INFO = YES;
				ONLY_ACTIVE_ARCH = YES;
				SDKROOT = iphoneos;
				SWIFT_OPTIMIZATION_LEVEL = "-Onone";
				TARGETED_DEVICE_FAMILY = "1,2";
			};
			name = Debug;
		};
		F42AAF9C1D3DF89E0016A27C /* Release */ = {
			isa = XCBuildConfiguration;
			buildSettings = {
				ALWAYS_SEARCH_USER_PATHS = NO;
				CLANG_ANALYZER_NONNULL = YES;
				CLANG_CXX_LANGUAGE_STANDARD = "gnu++0x";
				CLANG_CXX_LIBRARY = "libc++";
				CLANG_ENABLE_MODULES = YES;
				CLANG_ENABLE_OBJC_ARC = YES;
				CLANG_WARN_BOOL_CONVERSION = YES;
				CLANG_WARN_CONSTANT_CONVERSION = YES;
				CLANG_WARN_DIRECT_OBJC_ISA_USAGE = YES_ERROR;
				CLANG_WARN_EMPTY_BODY = YES;
				CLANG_WARN_ENUM_CONVERSION = YES;
				CLANG_WARN_INT_CONVERSION = YES;
				CLANG_WARN_OBJC_ROOT_CLASS = YES_ERROR;
				CLANG_WARN_UNREACHABLE_CODE = YES;
				CLANG_WARN__DUPLICATE_METHOD_MATCH = YES;
				"CODE_SIGN_IDENTITY[sdk=iphoneos*]" = "iPhone Developer";
				COPY_PHASE_STRIP = NO;
				DEBUG_INFORMATION_FORMAT = "dwarf-with-dsym";
				ENABLE_NS_ASSERTIONS = NO;
				ENABLE_STRICT_OBJC_MSGSEND = YES;
				GCC_C_LANGUAGE_STANDARD = gnu99;
				GCC_NO_COMMON_BLOCKS = YES;
				GCC_WARN_64_TO_32_BIT_CONVERSION = YES;
				GCC_WARN_ABOUT_RETURN_TYPE = YES_ERROR;
				GCC_WARN_UNDECLARED_SELECTOR = YES;
				GCC_WARN_UNINITIALIZED_AUTOS = YES_AGGRESSIVE;
				GCC_WARN_UNUSED_FUNCTION = YES;
				GCC_WARN_UNUSED_VARIABLE = YES;
				IPHONEOS_DEPLOYMENT_TARGET = 9.3;
				MTL_ENABLE_DEBUG_INFO = NO;
				SDKROOT = iphoneos;
				TARGETED_DEVICE_FAMILY = "1,2";
				VALIDATE_PRODUCT = YES;
			};
			name = Release;
		};
		F42AAF9E1D3DF89E0016A27C /* Debug */ = {
			isa = XCBuildConfiguration;
			buildSettings = {
				ASSETCATALOG_COMPILER_APPICON_NAME = AppIcon;
				INFOPLIST_FILE = "Player Player/Info.plist";
				LD_RUNPATH_SEARCH_PATHS = "$(inherited) @executable_path/Frameworks";
				PRODUCT_BUNDLE_IDENTIFIER = "me.me.Player-Player";
				PRODUCT_NAME = "$(TARGET_NAME)";
			};
			name = Debug;
		};
		F42AAF9F1D3DF89E0016A27C /* Release */ = {
			isa = XCBuildConfiguration;
			buildSettings = {
				ASSETCATALOG_COMPILER_APPICON_NAME = AppIcon;
				INFOPLIST_FILE = "Player Player/Info.plist";
				LD_RUNPATH_SEARCH_PATHS = "$(inherited) @executable_path/Frameworks";
				PRODUCT_BUNDLE_IDENTIFIER = "me.me.Player-Player";
				PRODUCT_NAME = "$(TARGET_NAME)";
			};
			name = Release;
		};
/* End XCBuildConfiguration section */

/* Begin XCConfigurationList section */
		F42AAF861D3DF89E0016A27C /* Build configuration list for PBXProject "Player Player" */ = {
			isa = XCConfigurationList;
			buildConfigurations = (
				F42AAF9B1D3DF89E0016A27C /* Debug */,
				F42AAF9C1D3DF89E0016A27C /* Release */,
			);
			defaultConfigurationIsVisible = 0;
			defaultConfigurationName = Release;
		};
		F42AAF9D1D3DF89E0016A27C /* Build configuration list for PBXNativeTarget "Player Player" */ = {
			isa = XCConfigurationList;
			buildConfigurations = (
				F42AAF9E1D3DF89E0016A27C /* Debug */,
				F42AAF9F1D3DF89E0016A27C /* Release */,
			);
			defaultConfigurationIsVisible = 0;
		};
/* End XCConfigurationList section */
	};
	rootObject = F42AAF831D3DF89E0016A27C /* Project object */;
}
