// !$*UTF8*$!
{
	archiveVersion = 1;
	classes = {
	};
	objectVersion = 46;
	objects = {

/* Begin PBXBuildFile section */
		F400621A1D343A8C00D2EE56 /* AppDelegate.swift in Sources */ = {isa = PBXBuildFile; fileRef = F40062191D343A8C00D2EE56 /* AppDelegate.swift */; };
		F400621C1D343A8C00D2EE56 /* ViewController.swift in Sources */ = {isa = PBXBuildFile; fileRef = F400621B1D343A8C00D2EE56 /* ViewController.swift */; };
		F400621F1D343A8C00D2EE56 /* Main.storyboard in Resources */ = {isa = PBXBuildFile; fileRef = F400621D1D343A8C00D2EE56 /* Main.storyboard */; };
		F40062211D343A8C00D2EE56 /* Assets.xcassets in Resources */ = {isa = PBXBuildFile; fileRef = F40062201D343A8C00D2EE56 /* Assets.xcassets */; };
		F40062241D343A8C00D2EE56 /* LaunchScreen.storyboard in Resources */ = {isa = PBXBuildFile; fileRef = F40062221D343A8C00D2EE56 /* LaunchScreen.storyboard */; };
		F400622C1D3441E400D2EE56 /* CoreLocation.framework in Frameworks */ = {isa = PBXBuildFile; fileRef = F400622B1D3441E400D2EE56 /* CoreLocation.framework */; };
/* End PBXBuildFile section */

/* Begin PBXFileReference section */
		F40062161D343A8C00D2EE56 /* Now You See Me.app */ = {isa = PBXFileReference; explicitFileType = wrapper.application; includeInIndex = 0; path = "Now You See Me.app"; sourceTree = BUILT_PRODUCTS_DIR; };
		F40062191D343A8C00D2EE56 /* AppDelegate.swift */ = {isa = PBXFileReference; lastKnownFileType = sourcecode.swift; path = AppDelegate.swift; sourceTree = "<group>"; };
		F400621B1D343A8C00D2EE56 /* ViewController.swift */ = {isa = PBXFileReference; lastKnownFileType = sourcecode.swift; path = ViewController.swift; sourceTree = "<group>"; };
		F400621E1D343A8C00D2EE56 /* Base */ = {isa = PBXFileReference; lastKnownFileType = file.storyboard; name = Base; path = Base.lproj/Main.storyboard; sourceTree = "<group>"; };
		F40062201D343A8C00D2EE56 /* Assets.xcassets */ = {isa = PBXFileReference; lastKnownFileType = folder.assetcatalog; path = Assets.xcassets; sourceTree = "<group>"; };
		F40062231D343A8C00D2EE56 /* Base */ = {isa = PBXFileReference; lastKnownFileType = file.storyboard; name = Base; path = Base.lproj/LaunchScreen.storyboard; sourceTree = "<group>"; };
		F40062251D343A8C00D2EE56 /* Info.plist */ = {isa = PBXFileReference; lastKnownFileType = text.plist.xml; path = Info.plist; sourceTree = "<group>"; };
		F400622B1D3441E400D2EE56 /* CoreLocation.framework */ = {isa = PBXFileReference; lastKnownFileType = wrapper.framework; name = CoreLocation.framework; path = System/Library/Frameworks/CoreLocation.framework; sourceTree = SDKROOT; };
/* End PBXFileReference section */

/* Begin PBXFrameworksBuildPhase section */
		F40062131D343A8C00D2EE56 /* Frameworks */ = {
			isa = PBXFrameworksBuildPhase;
			buildActionMask = 2147483647;
			files = (
				F400622C1D3441E400D2EE56 /* CoreLocation.framework in Frameworks */,
			);
			runOnlyForDeploymentPostprocessing = 0;
		};
/* End PBXFrameworksBuildPhase section */

/* Begin PBXGroup section */
		F400620D1D343A8C00D2EE56 = {
			isa = PBXGroup;
			children = (
				F400622B1D3441E400D2EE56 /* CoreLocation.framework */,
				F40062181D343A8C00D2EE56 /* Now You See Me */,
				F40062171D343A8C00D2EE56 /* Products */,
			);
			sourceTree = "<group>";
		};
		F40062171D343A8C00D2EE56 /* Products */ = {
			isa = PBXGroup;
			children = (
				F40062161D343A8C00D2EE56 /* Now You See Me.app */,
			);
			name = Products;
			sourceTree = "<group>";
		};
		F40062181D343A8C00D2EE56 /* Now You See Me */ = {
			isa = PBXGroup;
			children = (
				F40062191D343A8C00D2EE56 /* AppDelegate.swift */,
				F400621B1D343A8C00D2EE56 /* ViewController.swift */,
				F400621D1D343A8C00D2EE56 /* Main.storyboard */,
				F40062201D343A8C00D2EE56 /* Assets.xcassets */,
				F40062221D343A8C00D2EE56 /* LaunchScreen.storyboard */,
				F40062251D343A8C00D2EE56 /* Info.plist */,
			);
			path = "Now You See Me";
			sourceTree = "<group>";
		};
/* End PBXGroup section */

/* Begin PBXNativeTarget section */
		F40062151D343A8C00D2EE56 /* Now You See Me */ = {
			isa = PBXNativeTarget;
			buildConfigurationList = F40062281D343A8C00D2EE56 /* Build configuration list for PBXNativeTarget "Now You See Me" */;
			buildPhases = (
				F40062121D343A8C00D2EE56 /* Sources */,
				F40062131D343A8C00D2EE56 /* Frameworks */,
				F40062141D343A8C00D2EE56 /* Resources */,
			);
			buildRules = (
			);
			dependencies = (
			);
			name = "Now You See Me";
			productName = "Now You See Me";
			productReference = F40062161D343A8C00D2EE56 /* Now You See Me.app */;
			productType = "com.apple.product-type.application";
		};
/* End PBXNativeTarget section */

/* Begin PBXProject section */
		F400620E1D343A8C00D2EE56 /* Project object */ = {
			isa = PBXProject;
			attributes = {
				LastSwiftUpdateCheck = 0730;
				LastUpgradeCheck = 0730;
				ORGANIZATIONNAME = me;
				TargetAttributes = {
					F40062151D343A8C00D2EE56 = {
						CreatedOnToolsVersion = 7.3.1;
					};
				};
			};
			buildConfigurationList = F40062111D343A8C00D2EE56 /* Build configuration list for PBXProject "Now You See Me" */;
			compatibilityVersion = "Xcode 3.2";
			developmentRegion = English;
			hasScannedForEncodings = 0;
			knownRegions = (
				en,
				Base,
			);
			mainGroup = F400620D1D343A8C00D2EE56;
			productRefGroup = F40062171D343A8C00D2EE56 /* Products */;
			projectDirPath = "";
			projectRoot = "";
			targets = (
				F40062151D343A8C00D2EE56 /* Now You See Me */,
			);
		};
/* End PBXProject section */

/* Begin PBXResourcesBuildPhase section */
		F40062141D343A8C00D2EE56 /* Resources */ = {
			isa = PBXResourcesBuildPhase;
			buildActionMask = 2147483647;
			files = (
				F40062241D343A8C00D2EE56 /* LaunchScreen.storyboard in Resources */,
				F40062211D343A8C00D2EE56 /* Assets.xcassets in Resources */,
				F400621F1D343A8C00D2EE56 /* Main.storyboard in Resources */,
			);
			runOnlyForDeploymentPostprocessing = 0;
		};
/* End PBXResourcesBuildPhase section */

/* Begin PBXSourcesBuildPhase section */
		F40062121D343A8C00D2EE56 /* Sources */ = {
			isa = PBXSourcesBuildPhase;
			buildActionMask = 2147483647;
			files = (
				F400621C1D343A8C00D2EE56 /* ViewController.swift in Sources */,
				F400621A1D343A8C00D2EE56 /* AppDelegate.swift in Sources */,
			);
			runOnlyForDeploymentPostprocessing = 0;
		};
/* End PBXSourcesBuildPhase section */

/* Begin PBXVariantGroup section */
		F400621D1D343A8C00D2EE56 /* Main.storyboard */ = {
			isa = PBXVariantGroup;
			children = (
				F400621E1D343A8C00D2EE56 /* Base */,
			);
			name = Main.storyboard;
			sourceTree = "<group>";
		};
		F40062221D343A8C00D2EE56 /* LaunchScreen.storyboard */ = {
			isa = PBXVariantGroup;
			children = (
				F40062231D343A8C00D2EE56 /* Base */,
			);
			name = LaunchScreen.storyboard;
			sourceTree = "<group>";
		};
/* End PBXVariantGroup section */

/* Begin XCBuildConfiguration section */
		F40062261D343A8C00D2EE56 /* Debug */ = {
			isa = XCBuildConfiguration;
			buildSettings = {
				ALWAYS_SEARCH_USER_PATHS = NO;
				CLANG_ANALYZER_NONNULL = YES;
				CLANG_CXX_LANGUAGE_STANDARD = "gnu++0x";
				CLANG_CXX_LIBRARY = "libc++";
				CLANG_ENABLE_MODULES = YES;
				CLANG_ENABLE_OBJC_ARC = YES;
				CLANG_WARN_BOOL_CONVERSION = YES;
				CLANG_WARN_CONSTANT_CONVERSION = YES;
				CLANG_WARN_DIRECT_OBJC_ISA_USAGE = YES_ERROR;
				CLANG_WARN_EMPTY_BODY = YES;
				CLANG_WARN_ENUM_CONVERSION = YES;
				CLANG_WARN_INT_CONVERSION = YES;
				CLANG_WARN_OBJC_ROOT_CLASS = YES_ERROR;
				CLANG_WARN_UNREACHABLE_CODE = YES;
				CLANG_WARN__DUPLICATE_METHOD_MATCH = YES;
				"CODE_SIGN_IDENTITY[sdk=iphoneos*]" = "iPhone Developer";
				COPY_PHASE_STRIP = NO;
				DEBUG_INFORMATION_FORMAT = dwarf;
				ENABLE_STRICT_OBJC_MSGSEND = YES;
				ENABLE_TESTABILITY = YES;
				GCC_C_LANGUAGE_STANDARD = gnu99;
				GCC_DYNAMIC_NO_PIC = NO;
				GCC_NO_COMMON_BLOCKS = YES;
				GCC_OPTIMIZATION_LEVEL = 0;
				GCC_PREPROCESSOR_DEFINITIONS = (
					"DEBUG=1",
					"$(inherited)",
				);
				GCC_WARN_64_TO_32_BIT_CONVERSION = YES;
				GCC_WARN_ABOUT_RETURN_TYPE = YES_ERROR;
				GCC_WARN_UNDECLARED_SELECTOR = YES;
				GCC_WARN_UNINITIALIZED_AUTOS = YES_AGGRESSIVE;
				GCC_WARN_UNUSED_FUNCTION = YES;
				GCC_WARN_UNUSED_VARIABLE = YES;
				IPHONEOS_DEPLOYMENT_TARGET = 9.3;
				MTL_ENABLE_DEBUG_INFO = YES;
				ONLY_ACTIVE_ARCH = YES;
				SDKROOT = iphoneos;
				SWIFT_OPTIMIZATION_LEVEL = "-Onone";
				TARGETED_DEVICE_FAMILY = "1,2";
			};
			name = Debug;
		};
		F40062271D343A8C00D2EE56 /* Release */ = {
			isa = XCBuildConfiguration;
			buildSettings = {
				ALWAYS_SEARCH_USER_PATHS = NO;
				CLANG_ANALYZER_NONNULL = YES;
				CLANG_CXX_LANGUAGE_STANDARD = "gnu++0x";
				CLANG_CXX_LIBRARY = "libc++";
				CLANG_ENABLE_MODULES = YES;
				CLANG_ENABLE_OBJC_ARC = YES;
				CLANG_WARN_BOOL_CONVERSION = YES;
				CLANG_WARN_CONSTANT_CONVERSION = YES;
				CLANG_WARN_DIRECT_OBJC_ISA_USAGE = YES_ERROR;
				CLANG_WARN_EMPTY_BODY = YES;
				CLANG_WARN_ENUM_CONVERSION = YES;
				CLANG_WARN_INT_CONVERSION = YES;
				CLANG_WARN_OBJC_ROOT_CLASS = YES_ERROR;
				CLANG_WARN_UNREACHABLE_CODE = YES;
				CLANG_WARN__DUPLICATE_METHOD_MATCH = YES;
				"CODE_SIGN_IDENTITY[sdk=iphoneos*]" = "iPhone Developer";
				COPY_PHASE_STRIP = NO;
				DEBUG_INFORMATION_FORMAT = "dwarf-with-dsym";
				ENABLE_NS_ASSERTIONS = NO;
				ENABLE_STRICT_OBJC_MSGSEND = YES;
				GCC_C_LANGUAGE_STANDARD = gnu99;
				GCC_NO_COMMON_BLOCKS = YES;
				GCC_WARN_64_TO_32_BIT_CONVERSION = YES;
				GCC_WARN_ABOUT_RETURN_TYPE = YES_ERROR;
				GCC_WARN_UNDECLARED_SELECTOR = YES;
				GCC_WARN_UNINITIALIZED_AUTOS = YES_AGGRESSIVE;
				GCC_WARN_UNUSED_FUNCTION = YES;
				GCC_WARN_UNUSED_VARIABLE = YES;
				IPHONEOS_DEPLOYMENT_TARGET = 9.3;
				MTL_ENABLE_DEBUG_INFO = NO;
				SDKROOT = iphoneos;
				TARGETED_DEVICE_FAMILY = "1,2";
				VALIDATE_PRODUCT = YES;
			};
			name = Release;
		};
		F40062291D343A8C00D2EE56 /* Debug */ = {
			isa = XCBuildConfiguration;
			buildSettings = {
				ASSETCATALOG_COMPILER_APPICON_NAME = AppIcon;
				INFOPLIST_FILE = "Now You See Me/Info.plist";
				LD_RUNPATH_SEARCH_PATHS = "$(inherited) @executable_path/Frameworks";
				PRODUCT_BUNDLE_IDENTIFIER = "me.me.Now-You-See-Me";
				PRODUCT_NAME = "$(TARGET_NAME)";
			};
			name = Debug;
		};
		F400622A1D343A8C00D2EE56 /* Release */ = {
			isa = XCBuildConfiguration;
			buildSettings = {
				ASSETCATALOG_COMPILER_APPICON_NAME = AppIcon;
				INFOPLIST_FILE = "Now You See Me/Info.plist";
				LD_RUNPATH_SEARCH_PATHS = "$(inherited) @executable_path/Frameworks";
				PRODUCT_BUNDLE_IDENTIFIER = "me.me.Now-You-See-Me";
				PRODUCT_NAME = "$(TARGET_NAME)";
			};
			name = Release;
		};
/* End XCBuildConfiguration section */

/* Begin XCConfigurationList section */
		F40062111D343A8C00D2EE56 /* Build configuration list for PBXProject "Now You See Me" */ = {
			isa = XCConfigurationList;
			buildConfigurations = (
				F40062261D343A8C00D2EE56 /* Debug */,
				F40062271D343A8C00D2EE56 /* Release */,
			);
			defaultConfigurationIsVisible = 0;
			defaultConfigurationName = Release;
		};
		F40062281D343A8C00D2EE56 /* Build configuration list for PBXNativeTarget "Now You See Me" */ = {
			isa = XCConfigurationList;
			buildConfigurations = (
				F40062291D343A8C00D2EE56 /* Debug */,
				F400622A1D343A8C00D2EE56 /* Release */,
			);
			defaultConfigurationIsVisible = 0;
		};
/* End XCConfigurationList section */
	};
	rootObject = F400620E1D343A8C00D2EE56 /* Project object */;
}
