// !$*UTF8*$!
{
	archiveVersion = 1;
	classes = {
	};
	objectVersion = 46;
	objects = {

/* Begin PBXBuildFile section */
		F48E6D171D3E9F890045AAA3 /* AppDelegate.swift in Sources */ = {isa = PBXBuildFile; fileRef = F48E6D161D3E9F890045AAA3 /* AppDelegate.swift */; };
		F48E6D191D3E9F890045AAA3 /* ViewController.swift in Sources */ = {isa = PBXBuildFile; fileRef = F48E6D181D3E9F890045AAA3 /* ViewController.swift */; };
		F48E6D1C1D3E9F890045AAA3 /* Main.storyboard in Resources */ = {isa = PBXBuildFile; fileRef = F48E6D1A1D3E9F890045AAA3 /* Main.storyboard */; };
		F48E6D1E1D3E9F890045AAA3 /* Assets.xcassets in Resources */ = {isa = PBXBuildFile; fileRef = F48E6D1D1D3E9F890045AAA3 /* Assets.xcassets */; };
		F48E6D211D3E9F890045AAA3 /* LaunchScreen.storyboard in Resources */ = {isa = PBXBuildFile; fileRef = F48E6D1F1D3E9F890045AAA3 /* LaunchScreen.storyboard */; };
		F48E6D2C1D3EAA8D0045AAA3 /* scratch.wav in Resources */ = {isa = PBXBuildFile; fileRef = F48E6D291D3EAA8D0045AAA3 /* scratch.wav */; };
		F48E6D2D1D3EAA8D0045AAA3 /* splash.wav in Resources */ = {isa = PBXBuildFile; fileRef = F48E6D2A1D3EAA8D0045AAA3 /* splash.wav */; };
		F48E6D2E1D3EAA8D0045AAA3 /* swoosh.wav in Resources */ = {isa = PBXBuildFile; fileRef = F48E6D2B1D3EAA8D0045AAA3 /* swoosh.wav */; };
		F48E6D311D3EAA970045AAA3 /* hooray.wav in Resources */ = {isa = PBXBuildFile; fileRef = F48E6D2F1D3EAA970045AAA3 /* hooray.wav */; };
		F48E6D321D3EAA970045AAA3 /* laugh.wav in Resources */ = {isa = PBXBuildFile; fileRef = F48E6D301D3EAA970045AAA3 /* laugh.wav */; };
/* End PBXBuildFile section */

/* Begin PBXFileReference section */
		F48E6D131D3E9F890045AAA3 /* SwipeNShake.app */ = {isa = PBXFileReference; explicitFileType = wrapper.application; includeInIndex = 0; path = SwipeNShake.app; sourceTree = BUILT_PRODUCTS_DIR; };
		F48E6D161D3E9F890045AAA3 /* AppDelegate.swift */ = {isa = PBXFileReference; lastKnownFileType = sourcecode.swift; path = AppDelegate.swift; sourceTree = "<group>"; };
		F48E6D181D3E9F890045AAA3 /* ViewController.swift */ = {isa = PBXFileReference; lastKnownFileType = sourcecode.swift; path = ViewController.swift; sourceTree = "<group>"; };
		F48E6D1B1D3E9F890045AAA3 /* Base */ = {isa = PBXFileReference; lastKnownFileType = file.storyboard; name = Base; path = Base.lproj/Main.storyboard; sourceTree = "<group>"; };
		F48E6D1D1D3E9F890045AAA3 /* Assets.xcassets */ = {isa = PBXFileReference; lastKnownFileType = folder.assetcatalog; path = Assets.xcassets; sourceTree = "<group>"; };
		F48E6D201D3E9F890045AAA3 /* Base */ = {isa = PBXFileReference; lastKnownFileType = file.storyboard; name = Base; path = Base.lproj/LaunchScreen.storyboard; sourceTree = "<group>"; };
		F48E6D221D3E9F890045AAA3 /* Info.plist */ = {isa = PBXFileReference; lastKnownFileType = text.plist.xml; path = Info.plist; sourceTree = "<group>"; };
		F48E6D291D3EAA8D0045AAA3 /* scratch.wav */ = {isa = PBXFileReference; lastKnownFileType = audio.wav; path = scratch.wav; sourceTree = "<group>"; };
		F48E6D2A1D3EAA8D0045AAA3 /* splash.wav */ = {isa = PBXFileReference; lastKnownFileType = audio.wav; path = splash.wav; sourceTree = "<group>"; };
		F48E6D2B1D3EAA8D0045AAA3 /* swoosh.wav */ = {isa = PBXFileReference; lastKnownFileType = audio.wav; path = swoosh.wav; sourceTree = "<group>"; };
		F48E6D2F1D3EAA970045AAA3 /* hooray.wav */ = {isa = PBXFileReference; lastKnownFileType = audio.wav; path = hooray.wav; sourceTree = "<group>"; };
		F48E6D301D3EAA970045AAA3 /* laugh.wav */ = {isa = PBXFileReference; lastKnownFileType = audio.wav; path = laugh.wav; sourceTree = "<group>"; };
/* End PBXFileReference section */

/* Begin PBXFrameworksBuildPhase section */
		F48E6D101D3E9F890045AAA3 /* Frameworks */ = {
			isa = PBXFrameworksBuildPhase;
			buildActionMask = 2147483647;
			files = (
			);
			runOnlyForDeploymentPostprocessing = 0;
		};
/* End PBXFrameworksBuildPhase section */

/* Begin PBXGroup section */
		F48E6D0A1D3E9F890045AAA3 = {
			isa = PBXGroup;
			children = (
				F48E6D151D3E9F890045AAA3 /* SwipeNShake */,
				F48E6D141D3E9F890045AAA3 /* Products */,
			);
			sourceTree = "<group>";
		};
		F48E6D141D3E9F890045AAA3 /* Products */ = {
			isa = PBXGroup;
			children = (
				F48E6D131D3E9F890045AAA3 /* SwipeNShake.app */,
			);
			name = Products;
			sourceTree = "<group>";
		};
		F48E6D151D3E9F890045AAA3 /* SwipeNShake */ = {
			isa = PBXGroup;
			children = (
				F48E6D161D3E9F890045AAA3 /* AppDelegate.swift */,
				F48E6D181D3E9F890045AAA3 /* ViewController.swift */,
				F48E6D1A1D3E9F890045AAA3 /* Main.storyboard */,
				F48E6D1D1D3E9F890045AAA3 /* Assets.xcassets */,
				F48E6D281D3EAA7A0045AAA3 /* sounds */,
				F48E6D1F1D3E9F890045AAA3 /* LaunchScreen.storyboard */,
				F48E6D221D3E9F890045AAA3 /* Info.plist */,
			);
			path = SwipeNShake;
			sourceTree = "<group>";
		};
		F48E6D281D3EAA7A0045AAA3 /* sounds */ = {
			isa = PBXGroup;
			children = (
				F48E6D2F1D3EAA970045AAA3 /* hooray.wav */,
				F48E6D301D3EAA970045AAA3 /* laugh.wav */,
				F48E6D291D3EAA8D0045AAA3 /* scratch.wav */,
				F48E6D2A1D3EAA8D0045AAA3 /* splash.wav */,
				F48E6D2B1D3EAA8D0045AAA3 /* swoosh.wav */,
			);
			name = sounds;
			sourceTree = "<group>";
		};
/* End PBXGroup section */

/* Begin PBXNativeTarget section */
		F48E6D121D3E9F890045AAA3 /* SwipeNShake */ = {
			isa = PBXNativeTarget;
			buildConfigurationList = F48E6D251D3E9F890045AAA3 /* Build configuration list for PBXNativeTarget "SwipeNShake" */;
			buildPhases = (
				F48E6D0F1D3E9F890045AAA3 /* Sources */,
				F48E6D101D3E9F890045AAA3 /* Frameworks */,
				F48E6D111D3E9F890045AAA3 /* Resources */,
			);
			buildRules = (
			);
			dependencies = (
			);
			name = SwipeNShake;
			productName = SwipeNShake;
			productReference = F48E6D131D3E9F890045AAA3 /* SwipeNShake.app */;
			productType = "com.apple.product-type.application";
		};
/* End PBXNativeTarget section */

/* Begin PBXProject section */
		F48E6D0B1D3E9F890045AAA3 /* Project object */ = {
			isa = PBXProject;
			attributes = {
				LastSwiftUpdateCheck = 0730;
				LastUpgradeCheck = 0730;
				ORGANIZATIONNAME = me;
				TargetAttributes = {
					F48E6D121D3E9F890045AAA3 = {
						CreatedOnToolsVersion = 7.3.1;
						DevelopmentTeam = CL7573Y62D;
					};
				};
			};
			buildConfigurationList = F48E6D0E1D3E9F890045AAA3 /* Build configuration list for PBXProject "SwipeNShake" */;
			compatibilityVersion = "Xcode 3.2";
			developmentRegion = English;
			hasScannedForEncodings = 0;
			knownRegions = (
				en,
				Base,
			);
			mainGroup = F48E6D0A1D3E9F890045AAA3;
			productRefGroup = F48E6D141D3E9F890045AAA3 /* Products */;
			projectDirPath = "";
			projectRoot = "";
			targets = (
				F48E6D121D3E9F890045AAA3 /* SwipeNShake */,
			);
		};
/* End PBXProject section */

/* Begin PBXResourcesBuildPhase section */
		F48E6D111D3E9F890045AAA3 /* Resources */ = {
			isa = PBXResourcesBuildPhase;
			buildActionMask = 2147483647;
			files = (
				F48E6D211D3E9F890045AAA3 /* LaunchScreen.storyboard in Resources */,
				F48E6D2E1D3EAA8D0045AAA3 /* swoosh.wav in Resources */,
				F48E6D1E1D3E9F890045AAA3 /* Assets.xcassets in Resources */,
				F48E6D1C1D3E9F890045AAA3 /* Main.storyboard in Resources */,
				F48E6D311D3EAA970045AAA3 /* hooray.wav in Resources */,
				F48E6D2C1D3EAA8D0045AAA3 /* scratch.wav in Resources */,
				F48E6D321D3EAA970045AAA3 /* laugh.wav in Resources */,
				F48E6D2D1D3EAA8D0045AAA3 /* splash.wav in Resources */,
			);
			runOnlyForDeploymentPostprocessing = 0;
		};
/* End PBXResourcesBuildPhase section */

/* Begin PBXSourcesBuildPhase section */
		F48E6D0F1D3E9F890045AAA3 /* Sources */ = {
			isa = PBXSourcesBuildPhase;
			buildActionMask = 2147483647;
			files = (
				F48E6D191D3E9F890045AAA3 /* ViewController.swift in Sources */,
				F48E6D171D3E9F890045AAA3 /* AppDelegate.swift in Sources */,
			);
			runOnlyForDeploymentPostprocessing = 0;
		};
/* End PBXSourcesBuildPhase section */

/* Begin PBXVariantGroup section */
		F48E6D1A1D3E9F890045AAA3 /* Main.storyboard */ = {
			isa = PBXVariantGroup;
			children = (
				F48E6D1B1D3E9F890045AAA3 /* Base */,
			);
			name = Main.storyboard;
			sourceTree = "<group>";
		};
		F48E6D1F1D3E9F890045AAA3 /* LaunchScreen.storyboard */ = {
			isa = PBXVariantGroup;
			children = (
				F48E6D201D3E9F890045AAA3 /* Base */,
			);
			name = LaunchScreen.storyboard;
			sourceTree = "<group>";
		};
/* End PBXVariantGroup section */

/* Begin XCBuildConfiguration section */
		F48E6D231D3E9F890045AAA3 /* Debug */ = {
			isa = XCBuildConfiguration;
			buildSettings = {
				ALWAYS_SEARCH_USER_PATHS = NO;
				CLANG_ANALYZER_NONNULL = YES;
				CLANG_CXX_LANGUAGE_STANDARD = "gnu++0x";
				CLANG_CXX_LIBRARY = "libc++";
				CLANG_ENABLE_MODULES = YES;
				CLANG_ENABLE_OBJC_ARC = YES;
				CLANG_WARN_BOOL_CONVERSION = YES;
				CLANG_WARN_CONSTANT_CONVERSION = YES;
				CLANG_WARN_DIRECT_OBJC_ISA_USAGE = YES_ERROR;
				CLANG_WARN_EMPTY_BODY = YES;
				CLANG_WARN_ENUM_CONVERSION = YES;
				CLANG_WARN_INT_CONVERSION = YES;
				CLANG_WARN_OBJC_ROOT_CLASS = YES_ERROR;
				CLANG_WARN_UNREACHABLE_CODE = YES;
				CLANG_WARN__DUPLICATE_METHOD_MATCH = YES;
				"CODE_SIGN_IDENTITY[sdk=iphoneos*]" = "iPhone Developer";
				COPY_PHASE_STRIP = NO;
				DEBUG_INFORMATION_FORMAT = dwarf;
				ENABLE_STRICT_OBJC_MSGSEND = YES;
				ENABLE_TESTABILITY = YES;
				GCC_C_LANGUAGE_STANDARD = gnu99;
				GCC_DYNAMIC_NO_PIC = NO;
				GCC_NO_COMMON_BLOCKS = YES;
				GCC_OPTIMIZATION_LEVEL = 0;
				GCC_PREPROCESSOR_DEFINITIONS = (
					"DEBUG=1",
					"$(inherited)",
				);
				GCC_WARN_64_TO_32_BIT_CONVERSION = YES;
				GCC_WARN_ABOUT_RETURN_TYPE = YES_ERROR;
				GCC_WARN_UNDECLARED_SELECTOR = YES;
				GCC_WARN_UNINITIALIZED_AUTOS = YES_AGGRESSIVE;
				GCC_WARN_UNUSED_FUNCTION = YES;
				GCC_WARN_UNUSED_VARIABLE = YES;
				IPHONEOS_DEPLOYMENT_TARGET = 9.3;
				MTL_ENABLE_DEBUG_INFO = YES;
				ONLY_ACTIVE_ARCH = YES;
				SDKROOT = iphoneos;
				SWIFT_OPTIMIZATION_LEVEL = "-Onone";
				TARGETED_DEVICE_FAMILY = "1,2";
			};
			name = Debug;
		};
		F48E6D241D3E9F890045AAA3 /* Release */ = {
			isa = XCBuildConfiguration;
			buildSettings = {
				ALWAYS_SEARCH_USER_PATHS = NO;
				CLANG_ANALYZER_NONNULL = YES;
				CLANG_CXX_LANGUAGE_STANDARD = "gnu++0x";
				CLANG_CXX_LIBRARY = "libc++";
				CLANG_ENABLE_MODULES = YES;
				CLANG_ENABLE_OBJC_ARC = YES;
				CLANG_WARN_BOOL_CONVERSION = YES;
				CLANG_WARN_CONSTANT_CONVERSION = YES;
				CLANG_WARN_DIRECT_OBJC_ISA_USAGE = YES_ERROR;
				CLANG_WARN_EMPTY_BODY = YES;
				CLANG_WARN_ENUM_CONVERSION = YES;
				CLANG_WARN_INT_CONVERSION = YES;
				CLANG_WARN_OBJC_ROOT_CLASS = YES_ERROR;
				CLANG_WARN_UNREACHABLE_CODE = YES;
				CLANG_WARN__DUPLICATE_METHOD_MATCH = YES;
				"CODE_SIGN_IDENTITY[sdk=iphoneos*]" = "iPhone Developer";
				COPY_PHASE_STRIP = NO;
				DEBUG_INFORMATION_FORMAT = "dwarf-with-dsym";
				ENABLE_NS_ASSERTIONS = NO;
				ENABLE_STRICT_OBJC_MSGSEND = YES;
				GCC_C_LANGUAGE_STANDARD = gnu99;
				GCC_NO_COMMON_BLOCKS = YES;
				GCC_WARN_64_TO_32_BIT_CONVERSION = YES;
				GCC_WARN_ABOUT_RETURN_TYPE = YES_ERROR;
				GCC_WARN_UNDECLARED_SELECTOR = YES;
				GCC_WARN_UNINITIALIZED_AUTOS = YES_AGGRESSIVE;
				GCC_WARN_UNUSED_FUNCTION = YES;
				GCC_WARN_UNUSED_VARIABLE = YES;
				IPHONEOS_DEPLOYMENT_TARGET = 9.3;
				MTL_ENABLE_DEBUG_INFO = NO;
				SDKROOT = iphoneos;
				TARGETED_DEVICE_FAMILY = "1,2";
				VALIDATE_PRODUCT = YES;
			};
			name = Release;
		};
		F48E6D261D3E9F890045AAA3 /* Debug */ = {
			isa = XCBuildConfiguration;
			buildSettings = {
				ASSETCATALOG_COMPILER_APPICON_NAME = AppIcon;
				CODE_SIGN_IDENTITY = "iPhone Developer";
				"CODE_SIGN_IDENTITY[sdk=iphoneos*]" = "iPhone Developer";
				INFOPLIST_FILE = SwipeNShake/Info.plist;
				LD_RUNPATH_SEARCH_PATHS = "$(inherited) @executable_path/Frameworks";
				PRODUCT_BUNDLE_IDENTIFIER = me.me.SwipeNShake;
				PRODUCT_NAME = "$(TARGET_NAME)";
				PROVISIONING_PROFILE = "";
			};
			name = Debug;
		};
		F48E6D271D3E9F890045AAA3 /* Release */ = {
			isa = XCBuildConfiguration;
			buildSettings = {
				ASSETCATALOG_COMPILER_APPICON_NAME = AppIcon;
				CODE_SIGN_IDENTITY = "iPhone Developer";
				"CODE_SIGN_IDENTITY[sdk=iphoneos*]" = "iPhone Developer";
				INFOPLIST_FILE = SwipeNShake/Info.plist;
				LD_RUNPATH_SEARCH_PATHS = "$(inherited) @executable_path/Frameworks";
				PRODUCT_BUNDLE_IDENTIFIER = me.me.SwipeNShake;
				PRODUCT_NAME = "$(TARGET_NAME)";
				PROVISIONING_PROFILE = "";
			};
			name = Release;
		};
/* End XCBuildConfiguration section */

/* Begin XCConfigurationList section */
		F48E6D0E1D3E9F890045AAA3 /* Build configuration list for PBXProject "SwipeNShake" */ = {
			isa = XCConfigurationList;
			buildConfigurations = (
				F48E6D231D3E9F890045AAA3 /* Debug */,
				F48E6D241D3E9F890045AAA3 /* Release */,
			);
			defaultConfigurationIsVisible = 0;
			defaultConfigurationName = Release;
		};
		F48E6D251D3E9F890045AAA3 /* Build configuration list for PBXNativeTarget "SwipeNShake" */ = {
			isa = XCConfigurationList;
			buildConfigurations = (
				F48E6D261D3E9F890045AAA3 /* Debug */,
				F48E6D271D3E9F890045AAA3 /* Release */,
			);
			defaultConfigurationIsVisible = 0;
		};
/* End XCConfigurationList section */
	};
	rootObject = F48E6D0B1D3E9F890045AAA3 /* Project object */;
}
